
Microsoft Visual Studio Solution File, Format Version 12.00
# Visual Studio Version 16
VisualStudioVersion = 16.0.29519.87
MinimumVisualStudioVersion = 10.0.40219.1
Project("{FAE04EC0-301F-11D3-BF4B-00C04F79EFBC}") = "RoomSystems", "RoomSystems\RoomSystems.csproj", "{EDA53FD5-743C-42D7-8C18-B869E8209506}"
EndProject
Global
	GlobalSection(SolutionConfigurationPlatforms) = preSolution
		Debug|Any CPU = Debug|Any CPU
		Release|Any CPU = Release|Any CPU
	EndGlobalSection
	GlobalSection(ProjectConfigurationPlatforms) = postSolution
		{EDA53FD5-743C-42D7-8C18-B869E8209506}.Debug|Any CPU.ActiveCfg = Debug|Any CPU
		{EDA53FD5-743C-42D7-8C18-B869E8209506}.Debug|Any CPU.Build.0 = Debug|Any CPU
		{EDA53FD5-743C-42D7-8C18-B869E8209506}.Release|Any CPU.ActiveCfg = Release|Any CPU
		{EDA53FD5-743C-42D7-8C18-B869E8209506}.Release|Any CPU.Build.0 = Release|Any CPU
	EndGlobalSection
	GlobalSection(SolutionProperties) = preSolution
		HideSolutionNode = FALSE
	EndGlobalSection
	GlobalSection(ExtensibilityGlobals) = postSolution
		SolutionGuid = {1C974A6D-5F6E-4D16-B499-33A801F2DF38}
	EndGlobalSection
EndGlobal
